Microsoft Visual Studio Solution File, Format Version 12.00
# Visual Studio Version 17
VisualStudioVersion = 17.2.32616.157
MinimumVisualStudioVersion = 10.0.40219.1

# Definição do projeto associado à solução
Project("{FAE04EC0-301F-11D3-BF4B-00C04F79EFBC}") = "Products_CRUD", "Products_CRUD\Products_CRUD.csproj", "{04F86C5C-D43E-42A7-BF23-A5DEF873C80A}"
EndProject

Global
    # Configurações de build para a solução
    GlobalSection(SolutionConfigurationPlatforms) = preSolution
        Debug|Any CPU = Debug|Any CPU
        Release|Any CPU = Release|Any CPU
    EndGlobalSection
    
    # Configurações de build específicas para o projeto
    GlobalSection(ProjectConfigurationPlatforms) = postSolution
        {04F86C5C-D43E-42A7-BF23-A5DEF873C80A}.Debug|Any CPU.ActiveCfg = Debug|Any CPU
        {04F86C5C-D43E-42A7-BF23-A5DEF873C80A}.Debug|Any CPU.Build.0 = Debug|Any CPU
        {04F86C5C-D43E-42A7-BF23-A5DEF873C80A}.Release|Any CPU.ActiveCfg = Release|Any CPU
        {04F86C5C-D43E-42A7-BF23-A5DEF873C80A}.Release|Any CPU.Build.0 = Release|Any CPU
    EndGlobalSection
    
    # Propriedades gerais da solução
    GlobalSection(SolutionProperties) = preSolution
        HideSolutionNode = FALSE
    EndGlobalSection

    # Identificador global exclusivo (GUID) da solução
    GlobalSection(ExtensibilityGlobals) = postSolution
        SolutionGuid = {E26064D2-D973-40B4-AE56-AC6EC615B381}
    EndGlobalSection
EndGlobal
